
Microsoft Visual Studio Solution File, Format Version 12.00
# Visual Studio Version 17
VisualStudioVersion = 17.5.002.0
MinimumVisualStudioVersion = 10.0.40219.1
Project("{9A19103F-16F7-4668-BE54-9A1E7A4F7556}") = "ShapeScape", "ShapeScape.csproj", "{8BC4112A-6370-4484-B732-12CF5CBB7ECD}"
EndProject
Global
	GlobalSection(SolutionConfigurationPlatforms) = preSolution
		Debug|Any CPU = Debug|Any CPU
		Release|Any CPU = Release|Any CPU
	EndGlobalSection
	GlobalSection(ProjectConfigurationPlatforms) = postSolution
		{8BC4112A-6370-4484-B732-12CF5CBB7ECD}.Debug|Any CPU.ActiveCfg = Debug|Any CPU
		{8BC4112A-6370-4484-B732-12CF5CBB7ECD}.Debug|Any CPU.Build.0 = Debug|Any CPU
		{8BC4112A-6370-4484-B732-12CF5CBB7ECD}.Release|Any CPU.ActiveCfg = Release|Any CPU
		{8BC4112A-6370-4484-B732-12CF5CBB7ECD}.Release|Any CPU.Build.0 = Release|Any CPU
	EndGlobalSection
	GlobalSection(SolutionProperties) = preSolution
		HideSolutionNode = FALSE
	EndGlobalSection
	GlobalSection(ExtensibilityGlobals) = postSolution
		SolutionGuid = {D71D3E1E-7B7E-46F2-B555-06DD0767C560}
	EndGlobalSection
EndGlobal
